
Microsoft Visual Studio Solution File, Format Version 12.00
# Visual Studio Version 17
VisualStudioVersion = 17.11.35312.102
MinimumVisualStudioVersion = 10.0.40219.1
Project("{FAE04EC0-301F-11D3-BF4B-00C04F79EFBC}") = "Kartyajatek", "Kartyajatek\Kartyajatek.csproj", "{5E1436D1-E90A-43F6-80BC-4BB548A58F5F}"
EndProject
Global
	GlobalSection(SolutionConfigurationPlatforms) = preSolution
		Debug|Any CPU = Debug|Any CPU
		Release|Any CPU = Release|Any CPU
	EndGlobalSection
	GlobalSection(ProjectConfigurationPlatforms) = postSolution
		{5E1436D1-E90A-43F6-80BC-4BB548A58F5F}.Debug|Any CPU.ActiveCfg = Debug|Any CPU
		{5E1436D1-E90A-43F6-80BC-4BB548A58F5F}.Debug|Any CPU.Build.0 = Debug|Any CPU
		{5E1436D1-E90A-43F6-80BC-4BB548A58F5F}.Release|Any CPU.ActiveCfg = Release|Any CPU
		{5E1436D1-E90A-43F6-80BC-4BB548A58F5F}.Release|Any CPU.Build.0 = Release|Any CPU
	EndGlobalSection
	GlobalSection(SolutionProperties) = preSolution
		HideSolutionNode = FALSE
	EndGlobalSection
	GlobalSection(ExtensibilityGlobals) = postSolution
		SolutionGuid = {30744E72-CD6F-471A-BCF7-FBAB7DB807B9}
	EndGlobalSection
EndGlobal
